{
  "version": 4,
  "terraform_version": "1.14.8",
  "serial": 130,
  "lineage": "f0916e40-a9e9-4b6e-4674-10cab166dfeb",
  "outputs": {},
  "resources": [
    {
      "mode": "managed",
      "type": "aws_dynamodb_table",
      "name": "obituaries",
      "provider": "provider[\"registry.terraform.io/hashicorp/aws\"]",
      "instances": [
        {
          "schema_version": 1,
          "attributes": {
            "arn": "arn:aws:dynamodb:ca-west-1:650708167728:table/obituaries-thanh-nguyen",
            "attribute": [
              {
                "name": "id",
                "type": "S"
              }
            ],
            "billing_mode": "PAY_PER_REQUEST",
            "deletion_protection_enabled": false,
            "global_secondary_index": [],
            "global_table_witness": [],
            "hash_key": "id",
            "id": "obituaries-thanh-nguyen",
            "import_table": [],
            "local_secondary_index": [],
            "name": "obituaries-thanh-nguyen",
            "on_demand_throughput": [],
            "point_in_time_recovery": [
              {
                "enabled": false,
                "recovery_period_in_days": 0
              }
            ],
            "range_key": null,
            "read_capacity": 0,
            "region": "ca-west-1",
            "replica": [],
            "restore_backup_arn": null,
            "restore_date_time": null,
            "restore_source_name": null,
            "restore_source_table_arn": null,
            "restore_to_latest_time": null,
            "server_side_encryption": [],
            "stream_arn": "",
            "stream_enabled": false,
            "stream_label": "",
            "stream_view_type": "",
            "table_class": "STANDARD",
            "tags": {},
            "tags_all": {},
            "timeouts": null,
            "ttl": [
              {
                "attribute_name": "",
                "enabled": false
              }
            ],
            "warm_throughput": [],
            "write_capacity": 0
          },
          "sensitive_attributes": [],
          "identity_schema_version": 0,
          "private": "eyJlMmJmYjczMC1lY2FhLTExZTYtOGY4OC0zNDM2M2JjN2M0YzAiOnsiY3JlYXRlIjoxODAwMDAwMDAwMDAwLCJkZWxldGUiOjYwMDAwMDAwMDAwMCwidXBkYXRlIjozNjAwMDAwMDAwMDAwfSwic2NoZW1hX3ZlcnNpb24iOiIxIn0="
        }
      ]
    },
    {
      "mode": "managed",
      "type": "aws_iam_instance_profile",
      "name": "last_show_profile",
      "provider": "provider[\"registry.terraform.io/hashicorp/aws\"]",
      "instances": [
        {
          "schema_version": 0,
          "attributes": {
            "arn": "arn:aws:iam::650708167728:instance-profile/last_show_instance_profile",
            "create_date": "2026-04-16T03:50:57Z",
            "id": "last_show_instance_profile",
            "name": "last_show_instance_profile",
            "name_prefix": "",
            "path": "/",
            "role": "last_show_ec2_role",
            "tags": {},
            "tags_all": {},
            "unique_id": "AIPAZPAJ2VQYMVBSFOZFX"
          },
          "sensitive_attributes": [],
          "identity_schema_version": 0,
          "identity": {
            "account_id": "650708167728",
            "name": "last_show_instance_profile"
          },
          "private": "bnVsbA==",
          "dependencies": [
            "aws_iam_role.ec2_role"
          ]
        }
      ]
    },
    {
      "mode": "managed",
      "type": "aws_iam_policy",
      "name": "last_show_permissions",
      "provider": "provider[\"registry.terraform.io/hashicorp/aws\"]",
      "instances": [
        {
          "schema_version": 0,
          "attributes": {
            "arn": "arn:aws:iam::650708167728:policy/LastShowProjectPermissions",
            "attachment_count": 1,
            "delay_after_policy_creation_in_ms": null,
            "description": "",
            "id": "arn:aws:iam::650708167728:policy/LastShowProjectPermissions",
            "name": "LastShowProjectPermissions",
            "name_prefix": "",
            "path": "/",
            "policy": "{\"Statement\":[{\"Action\":[\"polly:SynthesizeSpeech\"],\"Effect\":\"Allow\",\"Resource\":\"*\"},{\"Action\":[\"dynamodb:*\"],\"Effect\":\"Allow\",\"Resource\":\"arn:aws:dynamodb:ca-west-1:650708167728:table/obituaries-thanh-nguyen\"},{\"Action\":[\"ssm:GetParameter\"],\"Effect\":\"Allow\",\"Resource\":\"arn:aws:ssm:ca-west-1:*:parameter/last-show/*\"}],\"Version\":\"2012-10-17\"}",
            "policy_id": "ANPAZPAJ2VQYJDZH4HYTU",
            "tags": {},
            "tags_all": {}
          },
          "sensitive_attributes": [],
          "identity_schema_version": 0,
          "identity": {
            "arn": "arn:aws:iam::650708167728:policy/LastShowProjectPermissions"
          },
          "private": "bnVsbA==",
          "dependencies": [
            "aws_dynamodb_table.obituaries"
          ]
        }
      ]
    },
    {
      "mode": "managed",
      "type": "aws_iam_role",
      "name": "ec2_role",
      "provider": "provider[\"registry.terraform.io/hashicorp/aws\"]",
      "instances": [
        {
          "schema_version": 0,
          "attributes": {
            "arn": "arn:aws:iam::650708167728:role/last_show_ec2_role",
            "assume_role_policy": "{\"Statement\":[{\"Action\":\"sts:AssumeRole\",\"Effect\":\"Allow\",\"Principal\":{\"Service\":\"ec2.amazonaws.com\"}}],\"Version\":\"2012-10-17\"}",
            "create_date": "2026-04-16T03:50:56Z",
            "description": "",
            "force_detach_policies": false,
            "id": "last_show_ec2_role",
            "inline_policy": [],
            "managed_policy_arns": [
              "arn:aws:iam::650708167728:policy/LastShowProjectPermissions"
            ],
            "max_session_duration": 3600,
            "name": "last_show_ec2_role",
            "name_prefix": "",
            "path": "/",
            "permissions_boundary": "",
            "tags": {},
            "tags_all": {},
            "unique_id": "AROAZPAJ2VQYHDX3EZJLZ"
          },
          "sensitive_attributes": [],
          "identity_schema_version": 0,
          "identity": {
            "account_id": "650708167728",
            "name": "last_show_ec2_role"
          },
          "private": "bnVsbA=="
        }
      ]
    },
    {
      "mode": "managed",
      "type": "aws_iam_role_policy_attachment",
      "name": "attach_permissions",
      "provider": "provider[\"registry.terraform.io/hashicorp/aws\"]",
      "instances": [
        {
          "schema_version": 0,
          "attributes": {
            "id": "last_show_ec2_role/arn:aws:iam::650708167728:policy/LastShowProjectPermissions",
            "policy_arn": "arn:aws:iam::650708167728:policy/LastShowProjectPermissions",
            "role": "last_show_ec2_role"
          },
          "sensitive_attributes": [],
          "identity_schema_version": 0,
          "identity": {
            "account_id": "650708167728",
            "policy_arn": "arn:aws:iam::650708167728:policy/LastShowProjectPermissions",
            "role": "last_show_ec2_role"
          },
          "private": "bnVsbA==",
          "dependencies": [
            "aws_dynamodb_table.obituaries",
            "aws_iam_policy.last_show_permissions",
            "aws_iam_role.ec2_role"
          ]
        }
      ]
    },
    {
      "mode": "managed",
      "type": "aws_instance",
      "name": "k3s_node",
      "provider": "provider[\"registry.terraform.io/hashicorp/aws\"]",
      "instances": [
        {
          "schema_version": 2,
          "attributes": {
            "ami": "ami-00d7b58842d67840a",
            "arn": "arn:aws:ec2:ca-west-1:650708167728:instance/i-0808d65eb85a2deda",
            "associate_public_ip_address": true,
            "availability_zone": "ca-west-1b",
            "capacity_reservation_specification": [
              {
                "capacity_reservation_preference": "open",
                "capacity_reservation_target": []
              }
            ],
            "cpu_options": [
              {
                "amd_sev_snp": "",
                "core_count": 1,
                "nested_virtualization": "",
                "threads_per_core": 2
              }
            ],
            "credit_specification": [
              {
                "cpu_credits": "unlimited"
              }
            ],
            "disable_api_stop": false,
            "disable_api_termination": false,
            "ebs_block_device": [],
            "ebs_optimized": false,
            "enable_primary_ipv6": null,
            "enclave_options": [
              {
                "enabled": false
              }
            ],
            "ephemeral_block_device": [],
            "force_destroy": false,
            "get_password_data": false,
            "hibernation": false,
            "host_id": "",
            "host_resource_group_arn": null,
            "iam_instance_profile": "last_show_instance_profile",
            "id": "i-0808d65eb85a2deda",
            "instance_initiated_shutdown_behavior": "terminate",
            "instance_lifecycle": "spot",
            "instance_market_options": [
              {
                "market_type": "spot",
                "spot_options": [
                  {
                    "instance_interruption_behavior": "terminate",
                    "max_price": "0.023200",
                    "spot_instance_type": "one-time",
                    "valid_until": ""
                  }
                ]
              }
            ],
            "instance_state": "running",
            "instance_type": "t3.small",
            "ipv6_address_count": 0,
            "ipv6_addresses": [],
            "key_name": "the-last-show",
            "launch_template": [],
            "maintenance_options": [
              {
                "auto_recovery": "default"
              }
            ],
            "metadata_options": [
              {
                "http_endpoint": "enabled",
                "http_protocol_ipv6": "disabled",
                "http_put_response_hop_limit": 2,
                "http_tokens": "required",
                "instance_metadata_tags": "disabled"
              }
            ],
            "monitoring": false,
            "network_interface": [],
            "outpost_arn": "",
            "password_data": "",
            "placement_group": "",
            "placement_group_id": "",
            "placement_partition_number": 0,
            "primary_network_interface": [
              {
                "delete_on_termination": true,
                "network_interface_id": "eni-0c20ba4b76c1fb9ca"
              }
            ],
            "primary_network_interface_id": "eni-0c20ba4b76c1fb9ca",
            "private_dns": "ip-172-31-21-21.ca-west-1.compute.internal",
            "private_dns_name_options": [
              {
                "enable_resource_name_dns_a_record": false,
                "enable_resource_name_dns_aaaa_record": false,
                "hostname_type": "ip-name"
              }
            ],
            "private_ip": "172.31.21.21",
            "public_dns": "ec2-56-112-10-18.ca-west-1.compute.amazonaws.com",
            "public_ip": "56.112.10.18",
            "region": "ca-west-1",
            "root_block_device": [
              {
                "delete_on_termination": true,
                "device_name": "/dev/sda1",
                "encrypted": false,
                "iops": 3000,
                "kms_key_id": "",
                "tags": {},
                "tags_all": {},
                "throughput": 125,
                "volume_id": "vol-0008227014e8602ea",
                "volume_size": 8,
                "volume_type": "gp3"
              }
            ],
            "secondary_network_interface": [],
            "secondary_private_ips": [],
            "security_groups": [
              "last-show-sg"
            ],
            "source_dest_check": true,
            "spot_instance_request_id": "sir-v3sz8j4n",
            "subnet_id": "subnet-029a3368e0418db54",
            "tags": {
              "Name": "K3s-FastAPI-Server"
            },
            "tags_all": {
              "Name": "K3s-FastAPI-Server"
            },
            "tenancy": "default",
            "timeouts": null,
            "user_data": "#!/bin/bash\ncurl -sfL https://get.k3s.io | sh -\n",
            "user_data_base64": null,
            "user_data_replace_on_change": false,
            "volume_tags": null,
            "vpc_security_group_ids": [
              "sg-00307b46c247b68f2"
            ]
          },
          "sensitive_attributes": [],
          "identity_schema_version": 0,
          "identity": {
            "account_id": "650708167728",
            "id": "i-0808d65eb85a2deda",
            "region": "ca-west-1"
          },
          "private": "eyJlMmJmYjczMC1lY2FhLTExZTYtOGY4OC0zNDM2M2JjN2M0YzAiOnsiY3JlYXRlIjo2MDAwMDAwMDAwMDAsImRlbGV0ZSI6MTIwMDAwMDAwMDAwMCwicmVhZCI6OTAwMDAwMDAwMDAwLCJ1cGRhdGUiOjYwMDAwMDAwMDAwMH0sInNjaGVtYV92ZXJzaW9uIjoiMiJ9",
          "dependencies": [
            "aws_iam_instance_profile.last_show_profile",
            "aws_iam_role.ec2_role",
            "aws_security_group.last_show_sg"
          ]
        }
      ]
    },
    {
      "mode": "managed",
      "type": "aws_security_group",
      "name": "last_show_sg",
      "provider": "provider[\"registry.terraform.io/hashicorp/aws\"]",
      "instances": [
        {
          "schema_version": 1,
          "attributes": {
            "arn": "arn:aws:ec2:ca-west-1:650708167728:security-group/sg-00307b46c247b68f2",
            "description": "Managed by Terraform",
            "egress": [
              {
                "cidr_blocks": [
                  "0.0.0.0/0"
                ],
                "description": "",
                "from_port": 0,
                "ipv6_cidr_blocks": [],
                "prefix_list_ids": [],
                "protocol": "-1",
                "security_groups": [],
                "self": false,
                "to_port": 0
              }
            ],
            "id": "sg-00307b46c247b68f2",
            "ingress": [
              {
                "cidr_blocks": [
                  "0.0.0.0/0"
                ],
                "description": "",
                "from_port": 22,
                "ipv6_cidr_blocks": [],
                "prefix_list_ids": [],
                "protocol": "tcp",
                "security_groups": [],
                "self": false,
                "to_port": 22
              },
              {
                "cidr_blocks": [
                  "0.0.0.0/0"
                ],
                "description": "",
                "from_port": 30791,
                "ipv6_cidr_blocks": [],
                "prefix_list_ids": [],
                "protocol": "tcp",
                "security_groups": [],
                "self": false,
                "to_port": 30791
              },
              {
                "cidr_blocks": [
                  "0.0.0.0/0"
                ],
                "description": "",
                "from_port": 8000,
                "ipv6_cidr_blocks": [],
                "prefix_list_ids": [],
                "protocol": "tcp",
                "security_groups": [],
                "self": false,
                "to_port": 8000
              },
              {
                "cidr_blocks": [
                  "0.0.0.0/0"
                ],
                "description": "",
                "from_port": 80,
                "ipv6_cidr_blocks": [],
                "prefix_list_ids": [],
                "protocol": "tcp",
                "security_groups": [],
                "self": false,
                "to_port": 80
              }
            ],
            "name": "last-show-sg",
            "name_prefix": "",
            "owner_id": "650708167728",
            "region": "ca-west-1",
            "revoke_rules_on_delete": false,
            "tags": {},
            "tags_all": {},
            "timeouts": null,
            "vpc_id": "vpc-0b3800401b719474c"
          },
          "sensitive_attributes": [],
          "identity_schema_version": 0,
          "identity": {
            "account_id": "650708167728",
            "id": "sg-00307b46c247b68f2",
            "region": "ca-west-1"
          },
          "private": "eyJlMmJmYjczMC1lY2FhLTExZTYtOGY4OC0zNDM2M2JjN2M0YzAiOnsiY3JlYXRlIjo2MDAwMDAwMDAwMDAsImRlbGV0ZSI6OTAwMDAwMDAwMDAwfSwic2NoZW1hX3ZlcnNpb24iOiIxIn0="
        }
      ]
    },
    {
      "mode": "managed",
      "type": "aws_ssm_parameter",
      "name": "cloudinary_url",
      "provider": "provider[\"registry.terraform.io/hashicorp/aws\"]",
      "instances": [
        {
          "schema_version": 0,
          "attributes": {
            "allowed_pattern": "",
            "arn": "arn:aws:ssm:ca-west-1:650708167728:parameter/last-show/cloudinary_url",
            "data_type": "text",
            "description": "",
            "has_value_wo": false,
            "id": "/last-show/cloudinary_url",
            "insecure_value": null,
            "key_id": "alias/aws/ssm",
            "name": "/last-show/cloudinary_url",
            "overwrite": null,
            "region": "ca-west-1",
            "tags": {},
            "tags_all": {},
            "tier": "Standard",
            "type": "SecureString",
            "value": "cloudinary://\u003c977134218653711\u003e:\u003cbDscXsm152vTWhff8WnqZhMJRrY\u003e@dcxtiqe44",
            "value_wo": null,
            "value_wo_version": null,
            "version": 2
          },
          "sensitive_attributes": [
            [
              {
                "type": "get_attr",
                "value": "value"
              }
            ],
            [
              {
                "type": "get_attr",
                "value": "value_wo"
              }
            ]
          ],
          "identity_schema_version": 0,
          "identity": {
            "account_id": "650708167728",
            "name": "/last-show/cloudinary_url",
            "region": "ca-west-1"
          },
          "private": "bnVsbA=="
        }
      ]
    },
    {
      "mode": "managed",
      "type": "aws_ssm_parameter",
      "name": "google_api_key",
      "provider": "provider[\"registry.terraform.io/hashicorp/aws\"]",
      "instances": [
        {
          "schema_version": 0,
          "attributes": {
            "allowed_pattern": "",
            "arn": "arn:aws:ssm:ca-west-1:650708167728:parameter/last-show/google_api_key",
            "data_type": "text",
            "description": "",
            "has_value_wo": false,
            "id": "/last-show/google_api_key",
            "insecure_value": null,
            "key_id": "alias/aws/ssm",
            "name": "/last-show/google_api_key",
            "overwrite": null,
            "region": "ca-west-1",
            "tags": {},
            "tags_all": {},
            "tier": "Standard",
            "type": "SecureString",
            "value": "AIzaSyCE_c-a4OvOQ3DEboqjHcJDMg4rI_-626k",
            "value_wo": null,
            "value_wo_version": null,
            "version": 2
          },
          "sensitive_attributes": [
            [
              {
                "type": "get_attr",
                "value": "value"
              }
            ],
            [
              {
                "type": "get_attr",
                "value": "value_wo"
              }
            ]
          ],
          "identity_schema_version": 0,
          "identity": {
            "account_id": "650708167728",
            "name": "/last-show/google_api_key",
            "region": "ca-west-1"
          },
          "private": "bnVsbA=="
        }
      ]
    }
  ],
  "check_results": null
}
